# This file is automatically @generated by Cargo.
# It is not intended for manual editing.
version = 4

[[package]]
name = "fetcher"
version = "0.0.0"

[[package]]
name = "native-renderer"
version = "0.0.0"
dependencies = [
 "renderer",
]

[[package]]
name = "renderer"
version = "0.0.0"

[[package]]
name = "script-engine"
version = "0.0.0"

[[package]]
name = "werust"
version = "0.0.0"
dependencies = [
 "fetcher",
 "native-renderer",
 "renderer",
 "script-engine",
]
